// !$*UTF8*$!
{
	archiveVersion = 1;
	classes = {
	};
	objectVersion = 56;
	objects = {

/* Begin PBXBuildFile section */
		46063B6E2C457F070046FEB3 /* MVVMPrototypeApp.swift in Sources */ = {isa = PBXBuildFile; fileRef = 46063B6D2C457F070046FEB3 /* MVVMPrototypeApp.swift */; };
		46063B702C457F070046FEB3 /* ContentView.swift in Sources */ = {isa = PBXBuildFile; fileRef = 46063B6F2C457F070046FEB3 /* ContentView.swift */; };
		46063B722C457F090046FEB3 /* Assets.xcassets in Resources */ = {isa = PBXBuildFile; fileRef = 46063B712C457F090046FEB3 /* Assets.xcassets */; };
		46063B752C457F090046FEB3 /* Preview Assets.xcassets in Resources */ = {isa = PBXBuildFile; fileRef = 46063B742C457F090046FEB3 /* Preview Assets.xcassets */; };
		46063B892C457F0A0046FEB3 /* MVVMPrototypeUITests.swift in Sources */ = {isa = PBXBuildFile; fileRef = 46063B882C457F0A0046FEB3 /* MVVMPrototypeUITests.swift */; };
		46063B8B2C457F0A0046FEB3 /* MVVMPrototypeUITestsLaunchTests.swift in Sources */ = {isa = PBXBuildFile; fileRef = 46063B8A2C457F0A0046FEB3 /* MVVMPrototypeUITestsLaunchTests.swift */; };
		5C26C8272C62CC730038D938 /* ErrorViewUITests.swift in Sources */ = {isa = PBXBuildFile; fileRef = 5C26C8262C62CC730038D938 /* ErrorViewUITests.swift */; };
		5C26C82E2C62D13B0038D938 /* DriverRowUITests.swift in Sources */ = {isa = PBXBuildFile; fileRef = 5C26C82D2C62D13B0038D938 /* DriverRowUITests.swift */; };
		5C26C8312C62DADF0038D938 /* FavoriteDriversViewUITests.swift in Sources */ = {isa = PBXBuildFile; fileRef = 5C26C8302C62DADF0038D938 /* FavoriteDriversViewUITests.swift */; };
		5C335B3A2C4EC1A900E9114F /* drivers.json in Resources */ = {isa = PBXBuildFile; fileRef = 5C335B392C4EC1A900E9114F /* drivers.json */; };
		5C335B3C2C4EC1D800E9114F /* leclerc_results.json in Resources */ = {isa = PBXBuildFile; fileRef = 5C335B3B2C4EC1D800E9114F /* leclerc_results.json */; };
		5C335B422C4EC2AF00E9114F /* DriversListViewModelTestsNoCuckoo.swift in Sources */ = {isa = PBXBuildFile; fileRef = 5C335B412C4EC2AF00E9114F /* DriversListViewModelTestsNoCuckoo.swift */; };
		5C335B472C4EF8DB00E9114F /* URLProtocolStub.swift in Sources */ = {isa = PBXBuildFile; fileRef = 5C335B462C4EF8DB00E9114F /* URLProtocolStub.swift */; };
		5C335B492C4EF92700E9114F /* NetworkClientTests.swift in Sources */ = {isa = PBXBuildFile; fileRef = 5C335B482C4EF92700E9114F /* NetworkClientTests.swift */; };
		5C335B4B2C4EF96600E9114F /* MockURLProtocol.swift in Sources */ = {isa = PBXBuildFile; fileRef = 5C335B4A2C4EF96600E9114F /* MockURLProtocol.swift */; };
		5C335B4D2C4EFB2F00E9114F /* FileUtils.swift in Sources */ = {isa = PBXBuildFile; fileRef = 5C335B4C2C4EFB2F00E9114F /* FileUtils.swift */; };
		5C33834A2C62251D00F3D7D0 /* DriverDetailViewUITests.swift in Sources */ = {isa = PBXBuildFile; fileRef = 5C3383492C62251D00F3D7D0 /* DriverDetailViewUITests.swift */; };
		5C4D38CB2C61147900E50092 /* DriversListViewTests.swift in Sources */ = {isa = PBXBuildFile; fileRef = 5C4D38CA2C61147900E50092 /* DriversListViewTests.swift */; };
		5C4D38CF2C6114E500E50092 /* ViewInspector in Frameworks */ = {isa = PBXBuildFile; productRef = 5C4D38CE2C6114E500E50092 /* ViewInspector */; };
		5C51B1932C5A474C0049E2BB /* Cuckoo in Frameworks */ = {isa = PBXBuildFile; productRef = 5C51B1922C5A474C0049E2BB /* Cuckoo */; };
		5C51B1992C5A487F0049E2BB /* DriversListViewModelTests.swift in Sources */ = {isa = PBXBuildFile; fileRef = 5C51B1982C5A487F0049E2BB /* DriversListViewModelTests.swift */; };
		5C57DDAB2C46DE410036B9BB /* DriversListYearResponse.swift in Sources */ = {isa = PBXBuildFile; fileRef = 5C57DDAA2C46DE410036B9BB /* DriversListYearResponse.swift */; };
		5C57DDAD2C46DE580036B9BB /* RaceResultResponse.swift in Sources */ = {isa = PBXBuildFile; fileRef = 5C57DDAC2C46DE580036B9BB /* RaceResultResponse.swift */; };
		5C57DDAF2C46DE690036B9BB /* CircuitListYearResponse.swift in Sources */ = {isa = PBXBuildFile; fileRef = 5C57DDAE2C46DE690036B9BB /* CircuitListYearResponse.swift */; };
		5C57DDB52C46DECB0036B9BB /* DriversListView.swift in Sources */ = {isa = PBXBuildFile; fileRef = 5C57DDB42C46DECB0036B9BB /* DriversListView.swift */; };
		5C57DDB72C46DF060036B9BB /* DriverDetailView.swift in Sources */ = {isa = PBXBuildFile; fileRef = 5C57DDB62C46DF060036B9BB /* DriverDetailView.swift */; };
		5C57DDBA2C46DF2E0036B9BB /* FavoriteDriversView.swift in Sources */ = {isa = PBXBuildFile; fileRef = 5C57DDB92C46DF2E0036B9BB /* FavoriteDriversView.swift */; };
		5C57DDBC2C46DF540036B9BB /* DriverDetailViewModel.swift in Sources */ = {isa = PBXBuildFile; fileRef = 5C57DDBB2C46DF540036B9BB /* DriverDetailViewModel.swift */; };
		5C57DDBE2C46DF6B0036B9BB /* DriversListViewModel.swift in Sources */ = {isa = PBXBuildFile; fileRef = 5C57DDBD2C46DF6B0036B9BB /* DriversListViewModel.swift */; };
		5C57DDC02C46DFAD0036B9BB /* NetworkClient.swift in Sources */ = {isa = PBXBuildFile; fileRef = 5C57DDBF2C46DFAD0036B9BB /* NetworkClient.swift */; };
		5C6632552C4A7061004DAB74 /* FavoriteDriversViewModel.swift in Sources */ = {isa = PBXBuildFile; fileRef = 5C6632542C4A7061004DAB74 /* FavoriteDriversViewModel.swift */; };
		5C6632572C4AA56F004DAB74 /* FavoriteDriversViewModelTests.swift in Sources */ = {isa = PBXBuildFile; fileRef = 5C6632562C4AA56F004DAB74 /* FavoriteDriversViewModelTests.swift */; };
		5C6632592C4AB788004DAB74 /* NetworkClientProtocol.swift in Sources */ = {isa = PBXBuildFile; fileRef = 5C6632582C4AB788004DAB74 /* NetworkClientProtocol.swift */; };
		5C7FEDC12C5BA25100A2D0CA /* DriverDetailViewModelTests.swift in Sources */ = {isa = PBXBuildFile; fileRef = 5C7FEDC02C5BA25100A2D0CA /* DriverDetailViewModelTests.swift */; };
		5C9625D62C63C06500C82441 /* Inspection.swift in Sources */ = {isa = PBXBuildFile; fileRef = 5C9625D52C63C06500C82441 /* Inspection.swift */; };
		5C9625D82C63C08500C82441 /* Inspection-extension.swift in Sources */ = {isa = PBXBuildFile; fileRef = 5C9625D72C63C08500C82441 /* Inspection-extension.swift */; };
		5C9625E02C66C77300C82441 /* Inspection.swift in Sources */ = {isa = PBXBuildFile; fileRef = 5C9625D52C63C06500C82441 /* Inspection.swift */; };
		5C9625E42C66CB6200C82441 /* DriversListView.swift in Sources */ = {isa = PBXBuildFile; fileRef = 5C57DDB42C46DECB0036B9BB /* DriversListView.swift */; };
		5C9625E72C66CC1700C82441 /* DriversListViewModel.swift in Sources */ = {isa = PBXBuildFile; fileRef = 5C57DDBD2C46DF6B0036B9BB /* DriversListViewModel.swift */; };
		5C9625E82C66CC1B00C82441 /* DriverDetailView.swift in Sources */ = {isa = PBXBuildFile; fileRef = 5C57DDB62C46DF060036B9BB /* DriverDetailView.swift */; };
		5C9625E92C66CC1D00C82441 /* DriverDetailViewModel.swift in Sources */ = {isa = PBXBuildFile; fileRef = 5C57DDBB2C46DF540036B9BB /* DriverDetailViewModel.swift */; };
		5C9625EA2C66CC2100C82441 /* FavoriteDriversView.swift in Sources */ = {isa = PBXBuildFile; fileRef = 5C57DDB92C46DF2E0036B9BB /* FavoriteDriversView.swift */; };
		5C9625EB2C66CC2300C82441 /* FavoriteDriversViewModel.swift in Sources */ = {isa = PBXBuildFile; fileRef = 5C6632542C4A7061004DAB74 /* FavoriteDriversViewModel.swift */; };
		5C9625ED2C66CCE600C82441 /* DriversListYearResponse.swift in Sources */ = {isa = PBXBuildFile; fileRef = 5C57DDAA2C46DE410036B9BB /* DriversListYearResponse.swift */; };
		5C9625EE2C66CCE800C82441 /* RaceResultResponse.swift in Sources */ = {isa = PBXBuildFile; fileRef = 5C57DDAC2C46DE580036B9BB /* RaceResultResponse.swift */; };
		5C9625EF2C66CCEA00C82441 /* CircuitListYearResponse.swift in Sources */ = {isa = PBXBuildFile; fileRef = 5C57DDAE2C46DE690036B9BB /* CircuitListYearResponse.swift */; };
		5C9625F02C66CCF500C82441 /* NetworkClient.swift in Sources */ = {isa = PBXBuildFile; fileRef = 5C57DDBF2C46DFAD0036B9BB /* NetworkClient.swift */; };
		5C9625F12C66CCF800C82441 /* NetworkClientProtocol.swift in Sources */ = {isa = PBXBuildFile; fileRef = 5C6632582C4AB788004DAB74 /* NetworkClientProtocol.swift */; };
		5CD6FE5D2C6105E200CC0CF5 /* ViewInspector in Frameworks */ = {isa = PBXBuildFile; productRef = 5CD6FE5C2C6105E200CC0CF5 /* ViewInspector */; };
		5CD6FE5F2C61063400CC0CF5 /* DriversListViewUITests.swift in Sources */ = {isa = PBXBuildFile; fileRef = 5CD6FE5E2C61063400CC0CF5 /* DriversListViewUITests.swift */; };
/* End PBXBuildFile section */

/* Begin PBXContainerItemProxy section */
		46063B7B2C457F0A0046FEB3 /* PBXContainerItemProxy */ = {
			isa = PBXContainerItemProxy;
			containerPortal = 46063B622C457F060046FEB3 /* Project object */;
			proxyType = 1;
			remoteGlobalIDString = 46063B692C457F070046FEB3;
			remoteInfo = MVVMPrototype;
		};
		46063B852C457F0A0046FEB3 /* PBXContainerItemProxy */ = {
			isa = PBXContainerItemProxy;
			containerPortal = 46063B622C457F060046FEB3 /* Project object */;
			proxyType = 1;
			remoteGlobalIDString = 46063B692C457F070046FEB3;
			remoteInfo = MVVMPrototype;
		};
/* End PBXContainerItemProxy section */

/* Begin PBXFileReference section */
		46063B6A2C457F070046FEB3 /* MVVMPrototype.app */ = {isa = PBXFileReference; explicitFileType = wrapper.application; includeInIndex = 0; path = MVVMPrototype.app; sourceTree = BUILT_PRODUCTS_DIR; };
		46063B6D2C457F070046FEB3 /* MVVMPrototypeApp.swift */ = {isa = PBXFileReference; lastKnownFileType = sourcecode.swift; path = MVVMPrototypeApp.swift; sourceTree = "<group>"; };
		46063B6F2C457F070046FEB3 /* ContentView.swift */ = {isa = PBXFileReference; lastKnownFileType = sourcecode.swift; path = ContentView.swift; sourceTree = "<group>"; };
		46063B712C457F090046FEB3 /* Assets.xcassets */ = {isa = PBXFileReference; lastKnownFileType = folder.assetcatalog; path = Assets.xcassets; sourceTree = "<group>"; };
		46063B742C457F090046FEB3 /* Preview Assets.xcassets */ = {isa = PBXFileReference; lastKnownFileType = folder.assetcatalog; path = "Preview Assets.xcassets"; sourceTree = "<group>"; };
		46063B7A2C457F0A0046FEB3 /* MVVMPrototypeTests.xctest */ = {isa = PBXFileReference; explicitFileType = wrapper.cfbundle; includeInIndex = 0; path = MVVMPrototypeTests.xctest; sourceTree = BUILT_PRODUCTS_DIR; };
		46063B842C457F0A0046FEB3 /* MVVMPrototypeUITests.xctest */ = {isa = PBXFileReference; explicitFileType = wrapper.cfbundle; includeInIndex = 0; path = MVVMPrototypeUITests.xctest; sourceTree = BUILT_PRODUCTS_DIR; };
		46063B882C457F0A0046FEB3 /* MVVMPrototypeUITests.swift */ = {isa = PBXFileReference; lastKnownFileType = sourcecode.swift; path = MVVMPrototypeUITests.swift; sourceTree = "<group>"; };
		46063B8A2C457F0A0046FEB3 /* MVVMPrototypeUITestsLaunchTests.swift */ = {isa = PBXFileReference; lastKnownFileType = sourcecode.swift; path = MVVMPrototypeUITestsLaunchTests.swift; sourceTree = "<group>"; };
		5C1704A82C5D27470051782A /* MVVMPrototype.xctestplan */ = {isa = PBXFileReference; lastKnownFileType = text; path = MVVMPrototype.xctestplan; sourceTree = "<group>"; };
		5C26C8262C62CC730038D938 /* ErrorViewUITests.swift */ = {isa = PBXFileReference; lastKnownFileType = sourcecode.swift; path = ErrorViewUITests.swift; sourceTree = "<group>"; };
		5C26C82D2C62D13B0038D938 /* DriverRowUITests.swift */ = {isa = PBXFileReference; lastKnownFileType = sourcecode.swift; path = DriverRowUITests.swift; sourceTree = "<group>"; };
		5C26C8302C62DADF0038D938 /* FavoriteDriversViewUITests.swift */ = {isa = PBXFileReference; lastKnownFileType = sourcecode.swift; path = FavoriteDriversViewUITests.swift; sourceTree = "<group>"; };
		5C335B392C4EC1A900E9114F /* drivers.json */ = {isa = PBXFileReference; lastKnownFileType = text.json; path = drivers.json; sourceTree = "<group>"; };
		5C335B3B2C4EC1D800E9114F /* leclerc_results.json */ = {isa = PBXFileReference; lastKnownFileType = text.json; path = leclerc_results.json; sourceTree = "<group>"; };
		5C335B412C4EC2AF00E9114F /* DriversListViewModelTestsNoCuckoo.swift */ = {isa = PBXFileReference; lastKnownFileType = sourcecode.swift; path = DriversListViewModelTestsNoCuckoo.swift; sourceTree = "<group>"; };
		5C335B462C4EF8DB00E9114F /* URLProtocolStub.swift */ = {isa = PBXFileReference; lastKnownFileType = sourcecode.swift; path = URLProtocolStub.swift; sourceTree = "<group>"; };
		5C335B482C4EF92700E9114F /* NetworkClientTests.swift */ = {isa = PBXFileReference; lastKnownFileType = sourcecode.swift; path = NetworkClientTests.swift; sourceTree = "<group>"; };
		5C335B4A2C4EF96600E9114F /* MockURLProtocol.swift */ = {isa = PBXFileReference; lastKnownFileType = sourcecode.swift; path = MockURLProtocol.swift; sourceTree = "<group>"; };
		5C335B4C2C4EFB2F00E9114F /* FileUtils.swift */ = {isa = PBXFileReference; lastKnownFileType = sourcecode.swift; path = FileUtils.swift; sourceTree = "<group>"; };
		5C3383492C62251D00F3D7D0 /* DriverDetailViewUITests.swift */ = {isa = PBXFileReference; lastKnownFileType = sourcecode.swift; path = DriverDetailViewUITests.swift; sourceTree = "<group>"; };
		5C4D38CA2C61147900E50092 /* DriversListViewTests.swift */ = {isa = PBXFileReference; lastKnownFileType = sourcecode.swift; path = DriversListViewTests.swift; sourceTree = "<group>"; };
		5C51B1982C5A487F0049E2BB /* DriversListViewModelTests.swift */ = {isa = PBXFileReference; lastKnownFileType = sourcecode.swift; path = DriversListViewModelTests.swift; sourceTree = "<group>"; };
		5C57DDAA2C46DE410036B9BB /* DriversListYearResponse.swift */ = {isa = PBXFileReference; lastKnownFileType = sourcecode.swift; path = DriversListYearResponse.swift; sourceTree = "<group>"; };
		5C57DDAC2C46DE580036B9BB /* RaceResultResponse.swift */ = {isa = PBXFileReference; lastKnownFileType = sourcecode.swift; path = RaceResultResponse.swift; sourceTree = "<group>"; };
		5C57DDAE2C46DE690036B9BB /* CircuitListYearResponse.swift */ = {isa = PBXFileReference; lastKnownFileType = sourcecode.swift; path = CircuitListYearResponse.swift; sourceTree = "<group>"; };
		5C57DDB42C46DECB0036B9BB /* DriversListView.swift */ = {isa = PBXFileReference; lastKnownFileType = sourcecode.swift; path = DriversListView.swift; sourceTree = "<group>"; };
		5C57DDB62C46DF060036B9BB /* DriverDetailView.swift */ = {isa = PBXFileReference; lastKnownFileType = sourcecode.swift; path = DriverDetailView.swift; sourceTree = "<group>"; };
		5C57DDB92C46DF2E0036B9BB /* FavoriteDriversView.swift */ = {isa = PBXFileReference; lastKnownFileType = sourcecode.swift; path = FavoriteDriversView.swift; sourceTree = "<group>"; };
		5C57DDBB2C46DF540036B9BB /* DriverDetailViewModel.swift */ = {isa = PBXFileReference; lastKnownFileType = sourcecode.swift; path = DriverDetailViewModel.swift; sourceTree = "<group>"; };
		5C57DDBD2C46DF6B0036B9BB /* DriversListViewModel.swift */ = {isa = PBXFileReference; lastKnownFileType = sourcecode.swift; path = DriversListViewModel.swift; sourceTree = "<group>"; };
		5C57DDBF2C46DFAD0036B9BB /* NetworkClient.swift */ = {isa = PBXFileReference; lastKnownFileType = sourcecode.swift; path = NetworkClient.swift; sourceTree = "<group>"; };
		5C6632542C4A7061004DAB74 /* FavoriteDriversViewModel.swift */ = {isa = PBXFileReference; lastKnownFileType = sourcecode.swift; path = FavoriteDriversViewModel.swift; sourceTree = "<group>"; };
		5C6632562C4AA56F004DAB74 /* FavoriteDriversViewModelTests.swift */ = {isa = PBXFileReference; lastKnownFileType = sourcecode.swift; path = FavoriteDriversViewModelTests.swift; sourceTree = "<group>"; };
		5C6632582C4AB788004DAB74 /* NetworkClientProtocol.swift */ = {isa = PBXFileReference; lastKnownFileType = sourcecode.swift; path = NetworkClientProtocol.swift; sourceTree = "<group>"; };
		5C7FEDC02C5BA25100A2D0CA /* DriverDetailViewModelTests.swift */ = {isa = PBXFileReference; lastKnownFileType = sourcecode.swift; path = DriverDetailViewModelTests.swift; sourceTree = "<group>"; };
		5C9625D52C63C06500C82441 /* Inspection.swift */ = {isa = PBXFileReference; lastKnownFileType = sourcecode.swift; path = Inspection.swift; sourceTree = "<group>"; };
		5C9625D72C63C08500C82441 /* Inspection-extension.swift */ = {isa = PBXFileReference; lastKnownFileType = sourcecode.swift; path = "Inspection-extension.swift"; sourceTree = "<group>"; };
		5CD6FE5E2C61063400CC0CF5 /* DriversListViewUITests.swift */ = {isa = PBXFileReference; lastKnownFileType = sourcecode.swift; path = DriversListViewUITests.swift; sourceTree = "<group>"; };
/* End PBXFileReference section */

/* Begin PBXFrameworksBuildPhase section */
		46063B672C457F070046FEB3 /* Frameworks */ = {
			isa = PBXFrameworksBuildPhase;
			buildActionMask = 2147483647;
			files = (
			);
			runOnlyForDeploymentPostprocessing = 0;
		};
		46063B772C457F0A0046FEB3 /* Frameworks */ = {
			isa = PBXFrameworksBuildPhase;
			buildActionMask = 2147483647;
			files = (
				5C51B1932C5A474C0049E2BB /* Cuckoo in Frameworks */,
				5C4D38CF2C6114E500E50092 /* ViewInspector in Frameworks */,
			);
			runOnlyForDeploymentPostprocessing = 0;
		};
		46063B812C457F0A0046FEB3 /* Frameworks */ = {
			isa = PBXFrameworksBuildPhase;
			buildActionMask = 2147483647;
			files = (
				5CD6FE5D2C6105E200CC0CF5 /* ViewInspector in Frameworks */,
			);
			runOnlyForDeploymentPostprocessing = 0;
		};
/* End PBXFrameworksBuildPhase section */

/* Begin PBXGroup section */
		46063B612C457F060046FEB3 = {
			isa = PBXGroup;
			children = (
				5C1704A82C5D27470051782A /* MVVMPrototype.xctestplan */,
				46063B6C2C457F070046FEB3 /* MVVMPrototype */,
				46063B7D2C457F0A0046FEB3 /* MVVMPrototypeTests */,
				46063B872C457F0A0046FEB3 /* MVVMPrototypeUITests */,
				46063B6B2C457F070046FEB3 /* Products */,
				5C4D38CD2C6114E500E50092 /* Frameworks */,
			);
			sourceTree = "<group>";
		};
		46063B6B2C457F070046FEB3 /* Products */ = {
			isa = PBXGroup;
			children = (
				46063B6A2C457F070046FEB3 /* MVVMPrototype.app */,
				46063B7A2C457F0A0046FEB3 /* MVVMPrototypeTests.xctest */,
				46063B842C457F0A0046FEB3 /* MVVMPrototypeUITests.xctest */,
			);
			name = Products;
			sourceTree = "<group>";
		};
		46063B6C2C457F070046FEB3 /* MVVMPrototype */ = {
			isa = PBXGroup;
			children = (
				5C9625D42C63C05500C82441 /* Testing */,
				5C57DDB22C46DEB20036B9BB /* Features */,
				46063B982C457F540046FEB3 /* Network */,
				46063B972C457F4D0046FEB3 /* Model */,
				46063B6D2C457F070046FEB3 /* MVVMPrototypeApp.swift */,
				46063B6F2C457F070046FEB3 /* ContentView.swift */,
				46063B712C457F090046FEB3 /* Assets.xcassets */,
				46063B732C457F090046FEB3 /* Preview Content */,
			);
			path = MVVMPrototype;
			sourceTree = "<group>";
		};
		46063B732C457F090046FEB3 /* Preview Content */ = {
			isa = PBXGroup;
			children = (
				46063B742C457F090046FEB3 /* Preview Assets.xcassets */,
			);
			path = "Preview Content";
			sourceTree = "<group>";
		};
		46063B7D2C457F0A0046FEB3 /* MVVMPrototypeTests */ = {
			isa = PBXGroup;
			children = (
				5C26C82C2C62D1090038D938 /* UI Unit Tests */,
				5C335B452C4EF8C900E9114F /* Utils */,
				5C335B382C4EC18300E9114F /* Files */,
				5C9625FA2C66DA5300C82441 /* View Model Tests */,
				5C335B412C4EC2AF00E9114F /* DriversListViewModelTestsNoCuckoo.swift */,
				5C335B482C4EF92700E9114F /* NetworkClientTests.swift */,
			);
			path = MVVMPrototypeTests;
			sourceTree = "<group>";
		};
		46063B872C457F0A0046FEB3 /* MVVMPrototypeUITests */ = {
			isa = PBXGroup;
			children = (
				46063B882C457F0A0046FEB3 /* MVVMPrototypeUITests.swift */,
				46063B8A2C457F0A0046FEB3 /* MVVMPrototypeUITestsLaunchTests.swift */,
				5CD6FE5E2C61063400CC0CF5 /* DriversListViewUITests.swift */,
				5C3383492C62251D00F3D7D0 /* DriverDetailViewUITests.swift */,
				5C26C8302C62DADF0038D938 /* FavoriteDriversViewUITests.swift */,
			);
			path = MVVMPrototypeUITests;
			sourceTree = "<group>";
		};
		46063B972C457F4D0046FEB3 /* Model */ = {
			isa = PBXGroup;
			children = (
				46CF2B572C45806F00E8DD4B /* API Response */,
			);
			path = Model;
			sourceTree = "<group>";
		};
		46063B982C457F540046FEB3 /* Network */ = {
			isa = PBXGroup;
			children = (
				5C57DDBF2C46DFAD0036B9BB /* NetworkClient.swift */,
				5C6632582C4AB788004DAB74 /* NetworkClientProtocol.swift */,
			);
			path = Network;
			sourceTree = "<group>";
		};
		46CF2B572C45806F00E8DD4B /* API Response */ = {
			isa = PBXGroup;
			children = (
				5C57DDAA2C46DE410036B9BB /* DriversListYearResponse.swift */,
				5C57DDAC2C46DE580036B9BB /* RaceResultResponse.swift */,
				5C57DDAE2C46DE690036B9BB /* CircuitListYearResponse.swift */,
			);
			path = "API Response";
			sourceTree = "<group>";
		};
		5C26C82C2C62D1090038D938 /* UI Unit Tests */ = {
			isa = PBXGroup;
			children = (
				5C26C8262C62CC730038D938 /* ErrorViewUITests.swift */,
				5C26C82D2C62D13B0038D938 /* DriverRowUITests.swift */,
				5C9625D72C63C08500C82441 /* Inspection-extension.swift */,
				5C4D38CA2C61147900E50092 /* DriversListViewTests.swift */,
			);
			path = "UI Unit Tests";
			sourceTree = "<group>";
		};
		5C335B382C4EC18300E9114F /* Files */ = {
			isa = PBXGroup;
			children = (
				5C335B392C4EC1A900E9114F /* drivers.json */,
				5C335B3B2C4EC1D800E9114F /* leclerc_results.json */,
			);
			path = Files;
			sourceTree = "<group>";
		};
		5C335B452C4EF8C900E9114F /* Utils */ = {
			isa = PBXGroup;
			children = (
				5C335B462C4EF8DB00E9114F /* URLProtocolStub.swift */,
				5C335B4A2C4EF96600E9114F /* MockURLProtocol.swift */,
				5C335B4C2C4EFB2F00E9114F /* FileUtils.swift */,
			);
			path = Utils;
			sourceTree = "<group>";
		};
		5C4D38CD2C6114E500E50092 /* Frameworks */ = {
			isa = PBXGroup;
			children = (
			);
			name = Frameworks;
			sourceTree = "<group>";
		};
		5C57DDB22C46DEB20036B9BB /* Features */ = {
			isa = PBXGroup;
			children = (
				5C57DDB82C46DF1D0036B9BB /* FavoritesFeature */,
				5C57DDB32C46DEBA0036B9BB /* DriverFeature */,
			);
			path = Features;
			sourceTree = "<group>";
		};
		5C57DDB32C46DEBA0036B9BB /* DriverFeature */ = {
			isa = PBXGroup;
			children = (
				5C57DDB42C46DECB0036B9BB /* DriversListView.swift */,
				5C57DDBD2C46DF6B0036B9BB /* DriversListViewModel.swift */,
				5C6632532C4927C2004DAB74 /* Detail */,
			);
			path = DriverFeature;
			sourceTree = "<group>";
		};
		5C57DDB82C46DF1D0036B9BB /* FavoritesFeature */ = {
			isa = PBXGroup;
			children = (
				5C57DDB92C46DF2E0036B9BB /* FavoriteDriversView.swift */,
				5C6632542C4A7061004DAB74 /* FavoriteDriversViewModel.swift */,
			);
			path = FavoritesFeature;
			sourceTree = "<group>";
		};
		5C6632532C4927C2004DAB74 /* Detail */ = {
			isa = PBXGroup;
			children = (
				5C57DDB62C46DF060036B9BB /* DriverDetailView.swift */,
				5C57DDBB2C46DF540036B9BB /* DriverDetailViewModel.swift */,
			);
			path = Detail;
			sourceTree = "<group>";
		};
		5C9625D42C63C05500C82441 /* Testing */ = {
			isa = PBXGroup;
			children = (
				5C9625D52C63C06500C82441 /* Inspection.swift */,
			);
			path = Testing;
			sourceTree = "<group>";
		};
		5C9625FA2C66DA5300C82441 /* View Model Tests */ = {
			isa = PBXGroup;
			children = (
				5C51B1982C5A487F0049E2BB /* DriversListViewModelTests.swift */,
				5C6632562C4AA56F004DAB74 /* FavoriteDriversViewModelTests.swift */,
				5C7FEDC02C5BA25100A2D0CA /* DriverDetailViewModelTests.swift */,
			);
			path = "View Model Tests";
			sourceTree = "<group>";
		};
/* End PBXGroup section */

/* Begin PBXNativeTarget section */
		46063B692C457F070046FEB3 /* MVVMPrototype */ = {
			isa = PBXNativeTarget;
			buildConfigurationList = 46063B8E2C457F0A0046FEB3 /* Build configuration list for PBXNativeTarget "MVVMPrototype" */;
			buildPhases = (
				46063B662C457F070046FEB3 /* Sources */,
				46063B672C457F070046FEB3 /* Frameworks */,
				46063B682C457F070046FEB3 /* Resources */,
			);
			buildRules = (
			);
			dependencies = (
			);
			name = MVVMPrototype;
			productName = MVVMPrototype;
			productReference = 46063B6A2C457F070046FEB3 /* MVVMPrototype.app */;
			productType = "com.apple.product-type.application";
		};
		46063B792C457F0A0046FEB3 /* MVVMPrototypeTests */ = {
			isa = PBXNativeTarget;
			buildConfigurationList = 46063B912C457F0A0046FEB3 /* Build configuration list for PBXNativeTarget "MVVMPrototypeTests" */;
			buildPhases = (
				46063B762C457F0A0046FEB3 /* Sources */,
				46063B772C457F0A0046FEB3 /* Frameworks */,
				46063B782C457F0A0046FEB3 /* Resources */,
			);
			buildRules = (
			);
			dependencies = (
				5C51B1972C5A47610049E2BB /* PBXTargetDependency */,
				46063B7C2C457F0A0046FEB3 /* PBXTargetDependency */,
			);
			name = MVVMPrototypeTests;
			packageProductDependencies = (
				5C51B1922C5A474C0049E2BB /* Cuckoo */,
				5C4D38CE2C6114E500E50092 /* ViewInspector */,
			);
			productName = MVVMPrototypeTests;
			productReference = 46063B7A2C457F0A0046FEB3 /* MVVMPrototypeTests.xctest */;
			productType = "com.apple.product-type.bundle.unit-test";
		};
		46063B832C457F0A0046FEB3 /* MVVMPrototypeUITests */ = {
			isa = PBXNativeTarget;
			buildConfigurationList = 46063B942C457F0A0046FEB3 /* Build configuration list for PBXNativeTarget "MVVMPrototypeUITests" */;
			buildPhases = (
				46063B802C457F0A0046FEB3 /* Sources */,
				46063B812C457F0A0046FEB3 /* Frameworks */,
				46063B822C457F0A0046FEB3 /* Resources */,
			);
			buildRules = (
			);
			dependencies = (
				46063B862C457F0A0046FEB3 /* PBXTargetDependency */,
			);
			name = MVVMPrototypeUITests;
			packageProductDependencies = (
				5CD6FE5C2C6105E200CC0CF5 /* ViewInspector */,
			);
			productName = MVVMPrototypeUITests;
			productReference = 46063B842C457F0A0046FEB3 /* MVVMPrototypeUITests.xctest */;
			productType = "com.apple.product-type.bundle.ui-testing";
		};
/* End PBXNativeTarget section */

/* Begin PBXProject section */
		46063B622C457F060046FEB3 /* Project object */ = {
			isa = PBXProject;
			attributes = {
				BuildIndependentTargetsInParallel = 1;
				LastSwiftUpdateCheck = 1520;
				LastUpgradeCheck = 1520;
				TargetAttributes = {
					46063B692C457F070046FEB3 = {
						CreatedOnToolsVersion = 15.2;
					};
					46063B792C457F0A0046FEB3 = {
						CreatedOnToolsVersion = 15.2;
						TestTargetID = 46063B692C457F070046FEB3;
					};
					46063B832C457F0A0046FEB3 = {
						CreatedOnToolsVersion = 15.2;
						TestTargetID = 46063B692C457F070046FEB3;
					};
				};
			};
			buildConfigurationList = 46063B652C457F060046FEB3 /* Build configuration list for PBXProject "MVVMPrototype" */;
			compatibilityVersion = "Xcode 14.0";
			developmentRegion = en;
			hasScannedForEncodings = 0;
			knownRegions = (
				en,
				Base,
			);
			mainGroup = 46063B612C457F060046FEB3;
			packageReferences = (
				5C51B1912C5A474B0049E2BB /* XCRemoteSwiftPackageReference "Cuckoo" */,
				5CD6FE5B2C6105E200CC0CF5 /* XCRemoteSwiftPackageReference "ViewInspector" */,
			);
			productRefGroup = 46063B6B2C457F070046FEB3 /* Products */;
			projectDirPath = "";
			projectRoot = "";
			targets = (
				46063B692C457F070046FEB3 /* MVVMPrototype */,
				46063B792C457F0A0046FEB3 /* MVVMPrototypeTests */,
				46063B832C457F0A0046FEB3 /* MVVMPrototypeUITests */,
			);
		};
/* End PBXProject section */

/* Begin PBXResourcesBuildPhase section */
		46063B682C457F070046FEB3 /* Resources */ = {
			isa = PBXResourcesBuildPhase;
			buildActionMask = 2147483647;
			files = (
				46063B752C457F090046FEB3 /* Preview Assets.xcassets in Resources */,
				46063B722C457F090046FEB3 /* Assets.xcassets in Resources */,
			);
			runOnlyForDeploymentPostprocessing = 0;
		};
		46063B782C457F0A0046FEB3 /* Resources */ = {
			isa = PBXResourcesBuildPhase;
			buildActionMask = 2147483647;
			files = (
				5C335B3A2C4EC1A900E9114F /* drivers.json in Resources */,
				5C335B3C2C4EC1D800E9114F /* leclerc_results.json in Resources */,
			);
			runOnlyForDeploymentPostprocessing = 0;
		};
		46063B822C457F0A0046FEB3 /* Resources */ = {
			isa = PBXResourcesBuildPhase;
			buildActionMask = 2147483647;
			files = (
			);
			runOnlyForDeploymentPostprocessing = 0;
		};
/* End PBXResourcesBuildPhase section */

/* Begin PBXSourcesBuildPhase section */
		46063B662C457F070046FEB3 /* Sources */ = {
			isa = PBXSourcesBuildPhase;
			buildActionMask = 2147483647;
			files = (
				5C57DDC02C46DFAD0036B9BB /* NetworkClient.swift in Sources */,
				5C57DDAF2C46DE690036B9BB /* CircuitListYearResponse.swift in Sources */,
				5C57DDAD2C46DE580036B9BB /* RaceResultResponse.swift in Sources */,
				5C9625D62C63C06500C82441 /* Inspection.swift in Sources */,
				5C57DDAB2C46DE410036B9BB /* DriversListYearResponse.swift in Sources */,
				5C57DDBA2C46DF2E0036B9BB /* FavoriteDriversView.swift in Sources */,
				5C57DDB72C46DF060036B9BB /* DriverDetailView.swift in Sources */,
				5C6632592C4AB788004DAB74 /* NetworkClientProtocol.swift in Sources */,
				5C57DDB52C46DECB0036B9BB /* DriversListView.swift in Sources */,
				46063B702C457F070046FEB3 /* ContentView.swift in Sources */,
				5C6632552C4A7061004DAB74 /* FavoriteDriversViewModel.swift in Sources */,
				46063B6E2C457F070046FEB3 /* MVVMPrototypeApp.swift in Sources */,
				5C57DDBC2C46DF540036B9BB /* DriverDetailViewModel.swift in Sources */,
				5C57DDBE2C46DF6B0036B9BB /* DriversListViewModel.swift in Sources */,
			);
			runOnlyForDeploymentPostprocessing = 0;
		};
		46063B762C457F0A0046FEB3 /* Sources */ = {
			isa = PBXSourcesBuildPhase;
			buildActionMask = 2147483647;
			files = (
				5C9625EE2C66CCE800C82441 /* RaceResultResponse.swift in Sources */,
				5C9625E72C66CC1700C82441 /* DriversListViewModel.swift in Sources */,
				5C9625E92C66CC1D00C82441 /* DriverDetailViewModel.swift in Sources */,
				5C9625E82C66CC1B00C82441 /* DriverDetailView.swift in Sources */,
				5C9625ED2C66CCE600C82441 /* DriversListYearResponse.swift in Sources */,
				5C335B4B2C4EF96600E9114F /* MockURLProtocol.swift in Sources */,
				5C9625F02C66CCF500C82441 /* NetworkClient.swift in Sources */,
				5C9625D82C63C08500C82441 /* Inspection-extension.swift in Sources */,
				5C9625EF2C66CCEA00C82441 /* CircuitListYearResponse.swift in Sources */,
				5C4D38CB2C61147900E50092 /* DriversListViewTests.swift in Sources */,
				5C26C82E2C62D13B0038D938 /* DriverRowUITests.swift in Sources */,
				5C51B1992C5A487F0049E2BB /* DriversListViewModelTests.swift in Sources */,
				5C335B422C4EC2AF00E9114F /* DriversListViewModelTestsNoCuckoo.swift in Sources */,
				5C9625E42C66CB6200C82441 /* DriversListView.swift in Sources */,
				5C335B4D2C4EFB2F00E9114F /* FileUtils.swift in Sources */,
				5C6632572C4AA56F004DAB74 /* FavoriteDriversViewModelTests.swift in Sources */,
				5C26C8272C62CC730038D938 /* ErrorViewUITests.swift in Sources */,
				5C7FEDC12C5BA25100A2D0CA /* DriverDetailViewModelTests.swift in Sources */,
				5C9625F12C66CCF800C82441 /* NetworkClientProtocol.swift in Sources */,
				5C335B472C4EF8DB00E9114F /* URLProtocolStub.swift in Sources */,
				5C9625E02C66C77300C82441 /* Inspection.swift in Sources */,
				5C9625EA2C66CC2100C82441 /* FavoriteDriversView.swift in Sources */,
				5C335B492C4EF92700E9114F /* NetworkClientTests.swift in Sources */,
				5C9625EB2C66CC2300C82441 /* FavoriteDriversViewModel.swift in Sources */,
			);
			runOnlyForDeploymentPostprocessing = 0;
		};
		46063B802C457F0A0046FEB3 /* Sources */ = {
			isa = PBXSourcesBuildPhase;
			buildActionMask = 2147483647;
			files = (
				46063B892C457F0A0046FEB3 /* MVVMPrototypeUITests.swift in Sources */,
				5CD6FE5F2C61063400CC0CF5 /* DriversListViewUITests.swift in Sources */,
				5C33834A2C62251D00F3D7D0 /* DriverDetailViewUITests.swift in Sources */,
				46063B8B2C457F0A0046FEB3 /* MVVMPrototypeUITestsLaunchTests.swift in Sources */,
				5C26C8312C62DADF0038D938 /* FavoriteDriversViewUITests.swift in Sources */,
			);
			runOnlyForDeploymentPostprocessing = 0;
		};
/* End PBXSourcesBuildPhase section */

/* Begin PBXTargetDependency section */
		46063B7C2C457F0A0046FEB3 /* PBXTargetDependency */ = {
			isa = PBXTargetDependency;
			target = 46063B692C457F070046FEB3 /* MVVMPrototype */;
			targetProxy = 46063B7B2C457F0A0046FEB3 /* PBXContainerItemProxy */;
		};
		46063B862C457F0A0046FEB3 /* PBXTargetDependency */ = {
			isa = PBXTargetDependency;
			target = 46063B692C457F070046FEB3 /* MVVMPrototype */;
			targetProxy = 46063B852C457F0A0046FEB3 /* PBXContainerItemProxy */;
		};
		5C51B1972C5A47610049E2BB /* PBXTargetDependency */ = {
			isa = PBXTargetDependency;
			productRef = 5C51B1962C5A47610049E2BB /* CuckooPluginSingleFile */;
		};
/* End PBXTargetDependency section */

/* Begin XCBuildConfiguration section */
		46063B8C2C457F0A0046FEB3 /* Debug */ = {
			isa = XCBuildConfiguration;
			buildSettings = {
				ALWAYS_SEARCH_USER_PATHS = NO;
				ASSETCATALOG_COMPILER_GENERATE_SWIFT_ASSET_SYMBOL_EXTENSIONS = YES;
				CLANG_ANALYZER_NONNULL = YES;
				CLANG_ANALYZER_NUMBER_OBJECT_CONVERSION = YES_AGGRESSIVE;
				CLANG_CXX_LANGUAGE_STANDARD = "gnu++20";
				CLANG_ENABLE_MODULES = YES;
				CLANG_ENABLE_OBJC_ARC = YES;
				CLANG_ENABLE_OBJC_WEAK = YES;
				CLANG_WARN_BLOCK_CAPTURE_AUTORELEASING = YES;
				CLANG_WARN_BOOL_CONVERSION = YES;
				CLANG_WARN_COMMA = YES;
				CLANG_WARN_CONSTANT_CONVERSION = YES;
				CLANG_WARN_DEPRECATED_OBJC_IMPLEMENTATIONS = YES;
				CLANG_WARN_DIRECT_OBJC_ISA_USAGE = YES_ERROR;
				CLANG_WARN_DOCUMENTATION_COMMENTS = YES;
				CLANG_WARN_EMPTY_BODY = YES;
				CLANG_WARN_ENUM_CONVERSION = YES;
				CLANG_WARN_INFINITE_RECURSION = YES;
				CLANG_WARN_INT_CONVERSION = YES;
				CLANG_WARN_NON_LITERAL_NULL_CONVERSION = YES;
				CLANG_WARN_OBJC_IMPLICIT_RETAIN_SELF = YES;
				CLANG_WARN_OBJC_LITERAL_CONVERSION = YES;
				CLANG_WARN_OBJC_ROOT_CLASS = YES_ERROR;
				CLANG_WARN_QUOTED_INCLUDE_IN_FRAMEWORK_HEADER = YES;
				CLANG_WARN_RANGE_LOOP_ANALYSIS = YES;
				CLANG_WARN_STRICT_PROTOTYPES = YES;
				CLANG_WARN_SUSPICIOUS_MOVE = YES;
				CLANG_WARN_UNGUARDED_AVAILABILITY = YES_AGGRESSIVE;
				CLANG_WARN_UNREACHABLE_CODE = YES;
				CLANG_WARN__DUPLICATE_METHOD_MATCH = YES;
				COPY_PHASE_STRIP = NO;
				DEBUG_INFORMATION_FORMAT = dwarf;
				ENABLE_STRICT_OBJC_MSGSEND = YES;
				ENABLE_TESTABILITY = YES;
				ENABLE_USER_SCRIPT_SANDBOXING = YES;
				GCC_C_LANGUAGE_STANDARD = gnu17;
				GCC_DYNAMIC_NO_PIC = NO;
				GCC_NO_COMMON_BLOCKS = YES;
				GCC_OPTIMIZATION_LEVEL = 0;
				GCC_PREPROCESSOR_DEFINITIONS = (
					"DEBUG=1",
					"$(inherited)",
				);
				GCC_WARN_64_TO_32_BIT_CONVERSION = YES;
				GCC_WARN_ABOUT_RETURN_TYPE = YES_ERROR;
				GCC_WARN_UNDECLARED_SELECTOR = YES;
				GCC_WARN_UNINITIALIZED_AUTOS = YES_AGGRESSIVE;
				GCC_WARN_UNUSED_FUNCTION = YES;
				GCC_WARN_UNUSED_VARIABLE = YES;
				IPHONEOS_DEPLOYMENT_TARGET = 17.2;
				LOCALIZATION_PREFERS_STRING_CATALOGS = YES;
				MTL_ENABLE_DEBUG_INFO = INCLUDE_SOURCE;
				MTL_FAST_MATH = YES;
				ONLY_ACTIVE_ARCH = YES;
				SDKROOT = iphoneos;
				SWIFT_ACTIVE_COMPILATION_CONDITIONS = "DEBUG $(inherited)";
				SWIFT_OPTIMIZATION_LEVEL = "-Onone";
			};
			name = Debug;
		};
		46063B8D2C457F0A0046FEB3 /* Release */ = {
			isa = XCBuildConfiguration;
			buildSettings = {
				ALWAYS_SEARCH_USER_PATHS = NO;
				ASSETCATALOG_COMPILER_GENERATE_SWIFT_ASSET_SYMBOL_EXTENSIONS = YES;
				CLANG_ANALYZER_NONNULL = YES;
				CLANG_ANALYZER_NUMBER_OBJECT_CONVERSION = YES_AGGRESSIVE;
				CLANG_CXX_LANGUAGE_STANDARD = "gnu++20";
				CLANG_ENABLE_MODULES = YES;
				CLANG_ENABLE_OBJC_ARC = YES;
				CLANG_ENABLE_OBJC_WEAK = YES;
				CLANG_WARN_BLOCK_CAPTURE_AUTORELEASING = YES;
				CLANG_WARN_BOOL_CONVERSION = YES;
				CLANG_WARN_COMMA = YES;
				CLANG_WARN_CONSTANT_CONVERSION = YES;
				CLANG_WARN_DEPRECATED_OBJC_IMPLEMENTATIONS = YES;
				CLANG_WARN_DIRECT_OBJC_ISA_USAGE = YES_ERROR;
				CLANG_WARN_DOCUMENTATION_COMMENTS = YES;
				CLANG_WARN_EMPTY_BODY = YES;
				CLANG_WARN_ENUM_CONVERSION = YES;
				CLANG_WARN_INFINITE_RECURSION = YES;
				CLANG_WARN_INT_CONVERSION = YES;
				CLANG_WARN_NON_LITERAL_NULL_CONVERSION = YES;
				CLANG_WARN_OBJC_IMPLICIT_RETAIN_SELF = YES;
				CLANG_WARN_OBJC_LITERAL_CONVERSION = YES;
				CLANG_WARN_OBJC_ROOT_CLASS = YES_ERROR;
				CLANG_WARN_QUOTED_INCLUDE_IN_FRAMEWORK_HEADER = YES;
				CLANG_WARN_RANGE_LOOP_ANALYSIS = YES;
				CLANG_WARN_STRICT_PROTOTYPES = YES;
				CLANG_WARN_SUSPICIOUS_MOVE = YES;
				CLANG_WARN_UNGUARDED_AVAILABILITY = YES_AGGRESSIVE;
				CLANG_WARN_UNREACHABLE_CODE = YES;
				CLANG_WARN__DUPLICATE_METHOD_MATCH = YES;
				COPY_PHASE_STRIP = NO;
				DEBUG_INFORMATION_FORMAT = "dwarf-with-dsym";
				ENABLE_NS_ASSERTIONS = NO;
				ENABLE_STRICT_OBJC_MSGSEND = YES;
				ENABLE_USER_SCRIPT_SANDBOXING = YES;
				GCC_C_LANGUAGE_STANDARD = gnu17;
				GCC_NO_COMMON_BLOCKS = YES;
				GCC_WARN_64_TO_32_BIT_CONVERSION = YES;
				GCC_WARN_ABOUT_RETURN_TYPE = YES_ERROR;
				GCC_WARN_UNDECLARED_SELECTOR = YES;
				GCC_WARN_UNINITIALIZED_AUTOS = YES_AGGRESSIVE;
				GCC_WARN_UNUSED_FUNCTION = YES;
				GCC_WARN_UNUSED_VARIABLE = YES;
				IPHONEOS_DEPLOYMENT_TARGET = 17.2;
				LOCALIZATION_PREFERS_STRING_CATALOGS = YES;
				MTL_ENABLE_DEBUG_INFO = NO;
				MTL_FAST_MATH = YES;
				SDKROOT = iphoneos;
				SWIFT_COMPILATION_MODE = wholemodule;
				VALIDATE_PRODUCT = YES;
			};
			name = Release;
		};
		46063B8F2C457F0A0046FEB3 /* Debug */ = {
			isa = XCBuildConfiguration;
			buildSettings = {
				ASSETCATALOG_COMPILER_APPICON_NAME = AppIcon;
				ASSETCATALOG_COMPILER_GLOBAL_ACCENT_COLOR_NAME = AccentColor;
				CODE_SIGN_STYLE = Automatic;
				CURRENT_PROJECT_VERSION = 1;
				DEVELOPMENT_ASSET_PATHS = "\"MVVMPrototype/Preview Content\"";
				DEVELOPMENT_TEAM = 9L5Q35JV6A;
				ENABLE_PREVIEWS = YES;
				GENERATE_INFOPLIST_FILE = YES;
				INFOPLIST_KEY_UIApplicationSceneManifest_Generation = YES;
				INFOPLIST_KEY_UIApplicationSupportsIndirectInputEvents = YES;
				INFOPLIST_KEY_UILaunchScreen_Generation = YES;
				INFOPLIST_KEY_UISupportedInterfaceOrientations_iPad = "UIInterfaceOrientationPortrait UIInterfaceOrientationPortraitUpsideDown UIInterfaceOrientationLandscapeLeft UIInterfaceOrientationLandscapeRight";
				INFOPLIST_KEY_UISupportedInterfaceOrientations_iPhone = "UIInterfaceOrientationPortrait UIInterfaceOrientationLandscapeLeft UIInterfaceOrientationLandscapeRight";
				LD_RUNPATH_SEARCH_PATHS = (
					"$(inherited)",
					"@executable_path/Frameworks",
				);
				MARKETING_VERSION = 1.0;
				PRODUCT_BUNDLE_IDENTIFIER = com.yourcompany.MVVMPrototype;
				PRODUCT_NAME = "$(TARGET_NAME)";
				SWIFT_EMIT_LOC_STRINGS = YES;
				SWIFT_VERSION = 5.0;
				TARGETED_DEVICE_FAMILY = "1,2";
			};
			name = Debug;
		};
		46063B902C457F0A0046FEB3 /* Release */ = {
			isa = XCBuildConfiguration;
			buildSettings = {
				ASSETCATALOG_COMPILER_APPICON_NAME = AppIcon;
				ASSETCATALOG_COMPILER_GLOBAL_ACCENT_COLOR_NAME = AccentColor;
				CODE_SIGN_STYLE = Automatic;
				CURRENT_PROJECT_VERSION = 1;
				DEVELOPMENT_ASSET_PATHS = "\"MVVMPrototype/Preview Content\"";
				DEVELOPMENT_TEAM = 9L5Q35JV6A;
				ENABLE_PREVIEWS = YES;
				GENERATE_INFOPLIST_FILE = YES;
				INFOPLIST_KEY_UIApplicationSceneManifest_Generation = YES;
				INFOPLIST_KEY_UIApplicationSupportsIndirectInputEvents = YES;
				INFOPLIST_KEY_UILaunchScreen_Generation = YES;
				INFOPLIST_KEY_UISupportedInterfaceOrientations_iPad = "UIInterfaceOrientationPortrait UIInterfaceOrientationPortraitUpsideDown UIInterfaceOrientationLandscapeLeft UIInterfaceOrientationLandscapeRight";
				INFOPLIST_KEY_UISupportedInterfaceOrientations_iPhone = "UIInterfaceOrientationPortrait UIInterfaceOrientationLandscapeLeft UIInterfaceOrientationLandscapeRight";
				LD_RUNPATH_SEARCH_PATHS = (
					"$(inherited)",
					"@executable_path/Frameworks",
				);
				MARKETING_VERSION = 1.0;
				PRODUCT_BUNDLE_IDENTIFIER = com.yourcompany.MVVMPrototype;
				PRODUCT_NAME = "$(TARGET_NAME)";
				SWIFT_EMIT_LOC_STRINGS = YES;
				SWIFT_VERSION = 5.0;
				TARGETED_DEVICE_FAMILY = "1,2";
			};
			name = Release;
		};
		46063B922C457F0A0046FEB3 /* Debug */ = {
			isa = XCBuildConfiguration;
			buildSettings = {
				ALWAYS_EMBED_SWIFT_STANDARD_LIBRARIES = YES;
				BUNDLE_LOADER = "$(TEST_HOST)";
				CODE_SIGN_STYLE = Automatic;
				CURRENT_PROJECT_VERSION = 1;
				DEVELOPMENT_TEAM = 9L5Q35JV6A;
				GENERATE_INFOPLIST_FILE = YES;
				IPHONEOS_DEPLOYMENT_TARGET = 17.2;
				MARKETING_VERSION = 1.0;
				PRODUCT_BUNDLE_IDENTIFIER = com.yourcompany.MVVMPrototypeTests;
				PRODUCT_NAME = "$(TARGET_NAME)";
				SWIFT_EMIT_LOC_STRINGS = NO;
				SWIFT_VERSION = 5.0;
				TARGETED_DEVICE_FAMILY = "1,2";
				TEST_HOST = "$(BUILT_PRODUCTS_DIR)/MVVMPrototype.app/$(BUNDLE_EXECUTABLE_FOLDER_PATH)/MVVMPrototype";
			};
			name = Debug;
		};
		46063B932C457F0A0046FEB3 /* Release */ = {
			isa = XCBuildConfiguration;
			buildSettings = {
				ALWAYS_EMBED_SWIFT_STANDARD_LIBRARIES = YES;
				BUNDLE_LOADER = "$(TEST_HOST)";
				CODE_SIGN_STYLE = Automatic;
				CURRENT_PROJECT_VERSION = 1;
				DEVELOPMENT_TEAM = 9L5Q35JV6A;
				GENERATE_INFOPLIST_FILE = YES;
				IPHONEOS_DEPLOYMENT_TARGET = 17.2;
				MARKETING_VERSION = 1.0;
				PRODUCT_BUNDLE_IDENTIFIER = com.yourcompany.MVVMPrototypeTests;
				PRODUCT_NAME = "$(TARGET_NAME)";
				SWIFT_EMIT_LOC_STRINGS = NO;
				SWIFT_VERSION = 5.0;
				TARGETED_DEVICE_FAMILY = "1,2";
				TEST_HOST = "$(BUILT_PRODUCTS_DIR)/MVVMPrototype.app/$(BUNDLE_EXECUTABLE_FOLDER_PATH)/MVVMPrototype";
			};
			name = Release;
		};
		46063B952C457F0A0046FEB3 /* Debug */ = {
			isa = XCBuildConfiguration;
			buildSettings = {
				ALWAYS_EMBED_SWIFT_STANDARD_LIBRARIES = YES;
				CODE_SIGN_STYLE = Automatic;
				CURRENT_PROJECT_VERSION = 1;
				DEVELOPMENT_TEAM = 9L5Q35JV6A;
				GENERATE_INFOPLIST_FILE = YES;
				MARKETING_VERSION = 1.0;
				PRODUCT_BUNDLE_IDENTIFIER = com.yourcompany.MVVMPrototypeUITests;
				PRODUCT_NAME = "$(TARGET_NAME)";
				SWIFT_EMIT_LOC_STRINGS = NO;
				SWIFT_VERSION = 5.0;
				TARGETED_DEVICE_FAMILY = "1,2";
				TEST_TARGET_NAME = MVVMPrototype;
			};
			name = Debug;
		};
		46063B962C457F0A0046FEB3 /* Release */ = {
			isa = XCBuildConfiguration;
			buildSettings = {
				ALWAYS_EMBED_SWIFT_STANDARD_LIBRARIES = YES;
				CODE_SIGN_STYLE = Automatic;
				CURRENT_PROJECT_VERSION = 1;
				DEVELOPMENT_TEAM = 9L5Q35JV6A;
				GENERATE_INFOPLIST_FILE = YES;
				MARKETING_VERSION = 1.0;
				PRODUCT_BUNDLE_IDENTIFIER = com.yourcompany.MVVMPrototypeUITests;
				PRODUCT_NAME = "$(TARGET_NAME)";
				SWIFT_EMIT_LOC_STRINGS = NO;
				SWIFT_VERSION = 5.0;
				TARGETED_DEVICE_FAMILY = "1,2";
				TEST_TARGET_NAME = MVVMPrototype;
			};
			name = Release;
		};
/* End XCBuildConfiguration section */

/* Begin XCConfigurationList section */
		46063B652C457F060046FEB3 /* Build configuration list for PBXProject "MVVMPrototype" */ = {
			isa = XCConfigurationList;
			buildConfigurations = (
				46063B8C2C457F0A0046FEB3 /* Debug */,
				46063B8D2C457F0A0046FEB3 /* Release */,
			);
			defaultConfigurationIsVisible = 0;
			defaultConfigurationName = Release;
		};
		46063B8E2C457F0A0046FEB3 /* Build configuration list for PBXNativeTarget "MVVMPrototype" */ = {
			isa = XCConfigurationList;
			buildConfigurations = (
				46063B8F2C457F0A0046FEB3 /* Debug */,
				46063B902C457F0A0046FEB3 /* Release */,
			);
			defaultConfigurationIsVisible = 0;
			defaultConfigurationName = Release;
		};
		46063B912C457F0A0046FEB3 /* Build configuration list for PBXNativeTarget "MVVMPrototypeTests" */ = {
			isa = XCConfigurationList;
			buildConfigurations = (
				46063B922C457F0A0046FEB3 /* Debug */,
				46063B932C457F0A0046FEB3 /* Release */,
			);
			defaultConfigurationIsVisible = 0;
			defaultConfigurationName = Release;
		};
		46063B942C457F0A0046FEB3 /* Build configuration list for PBXNativeTarget "MVVMPrototypeUITests" */ = {
			isa = XCConfigurationList;
			buildConfigurations = (
				46063B952C457F0A0046FEB3 /* Debug */,
				46063B962C457F0A0046FEB3 /* Release */,
			);
			defaultConfigurationIsVisible = 0;
			defaultConfigurationName = Release;
		};
/* End XCConfigurationList section */

/* Begin XCRemoteSwiftPackageReference section */
		5C51B1912C5A474B0049E2BB /* XCRemoteSwiftPackageReference "Cuckoo" */ = {
			isa = XCRemoteSwiftPackageReference;
			repositoryURL = "https://github.com/Brightify/Cuckoo.git";
			requirement = {
				kind = upToNextMajorVersion;
				minimumVersion = 2.0.9;
			};
		};
		5CD6FE5B2C6105E200CC0CF5 /* XCRemoteSwiftPackageReference "ViewInspector" */ = {
			isa = XCRemoteSwiftPackageReference;
			repositoryURL = "https://github.com/nalexn/ViewInspector";
			requirement = {
				kind = upToNextMajorVersion;
				minimumVersion = 0.9.11;
			};
		};
/* End XCRemoteSwiftPackageReference section */

/* Begin XCSwiftPackageProductDependency section */
		5C4D38CE2C6114E500E50092 /* ViewInspector */ = {
			isa = XCSwiftPackageProductDependency;
			package = 5CD6FE5B2C6105E200CC0CF5 /* XCRemoteSwiftPackageReference "ViewInspector" */;
			productName = ViewInspector;
		};
		5C51B1922C5A474C0049E2BB /* Cuckoo */ = {
			isa = XCSwiftPackageProductDependency;
			package = 5C51B1912C5A474B0049E2BB /* XCRemoteSwiftPackageReference "Cuckoo" */;
			productName = Cuckoo;
		};
		5C51B1962C5A47610049E2BB /* CuckooPluginSingleFile */ = {
			isa = XCSwiftPackageProductDependency;
			package = 5C51B1912C5A474B0049E2BB /* XCRemoteSwiftPackageReference "Cuckoo" */;
			productName = "plugin:CuckooPluginSingleFile";
		};
		5CD6FE5C2C6105E200CC0CF5 /* ViewInspector */ = {
			isa = XCSwiftPackageProductDependency;
			package = 5CD6FE5B2C6105E200CC0CF5 /* XCRemoteSwiftPackageReference "ViewInspector" */;
			productName = ViewInspector;
		};
/* End XCSwiftPackageProductDependency section */
	};
	rootObject = 46063B622C457F060046FEB3 /* Project object */;
}
