{"name":"MVVMPrototypeTests","sourceRoot":"\/Users\/gabriele.dintino@schindler.com\/Dev\/MVVMPrototype","productModuleName":"MVVMPrototypeTests","dependencies":[],"mockedTypeNames":["\/Users\/gabriele.dintino@schindler.com\/Dev\/MVVMPrototype\/MVVMPrototypeTests\/Mocks\/MockNetworkClient.swift",[],"\/Users\/gabriele.dintino@schindler.com\/Dev\/MVVMPrototype\/MVVMPrototypeTests\/FavoriteDriversViewModelTests.swift",[],"\/Users\/gabriele.dintino@schindler.com\/Dev\/MVVMPrototype\/MVVMPrototypeTests\/NetworkClientTests.swift",[],"\/Users\/gabriele.dintino@schindler.com\/Dev\/MVVMPrototype\/MVVMPrototypeTests\/Files\/FileUtils.swift",[],"\/Users\/gabriele.dintino@schindler.com\/Dev\/MVVMPrototype\/MVVMPrototypeTests\/Files\/Mocktest.swift",["NetworkClientProtocol"],"\/Users\/gabriele.dintino@schindler.com\/Dev\/MVVMPrototype\/MVVMPrototypeTests\/MVVMPrototypeTests.swift",[],"\/Users\/gabriele.dintino@schindler.com\/Dev\/MVVMPrototype\/MVVMPrototypeTests\/DriversListViewModelTests.swift",[],"\/Users\/gabriele.dintino@schindler.com\/Dev\/MVVMPrototype\/MVVMPrototypeTests\/Utils\/URLProtocolStub.swift",[],"\/Users\/gabriele.dintino@schindler.com\/Dev\/MVVMPrototype\/MVVMPrototypeTests\/Utils\/MockURLProtocol.swift",[]],"sourceFilePaths":[{"hash":"dd8c943ecc5117bedf98cf993f0a3d2d01e37772","path":"\/Users\/gabriele.dintino@schindler.com\/Dev\/MVVMPrototype\/MVVMPrototypeTests\/DriversListViewModelTests.swift"},{"path":"\/Users\/gabriele.dintino@schindler.com\/Dev\/MVVMPrototype\/MVVMPrototypeTests\/FavoriteDriversViewModelTests.swift","hash":"1ef6cb4214b43e889500d5a696359200851086d3"},{"path":"\/Users\/gabriele.dintino@schindler.com\/Dev\/MVVMPrototype\/MVVMPrototypeTests\/Files\/FileUtils.swift","hash":"206ee35ef112aa2f7a9a66aa9a0e9d306eb0f7c3"},{"path":"\/Users\/gabriele.dintino@schindler.com\/Dev\/MVVMPrototype\/MVVMPrototypeTests\/Files\/Mocktest.swift","hash":"ef53383e39fc1b7a2a6cf245db48d456a44ccc9c"},{"hash":"a7e99c129b94dd2161f19cc39465ae29b099d4df","path":"\/Users\/gabriele.dintino@schindler.com\/Dev\/MVVMPrototype\/MVVMPrototypeTests\/MVVMPrototypeTests.swift"},{"path":"\/Users\/gabriele.dintino@schindler.com\/Dev\/MVVMPrototype\/MVVMPrototypeTests\/Mocks\/MockNetworkClient.swift","hash":"fd5fde0957296bdc493f3b68734ce154d78761c0"},{"hash":"e5e9696bc308ce3427133ba54309c0562e7b219b","path":"\/Users\/gabriele.dintino@schindler.com\/Dev\/MVVMPrototype\/MVVMPrototypeTests\/NetworkClientTests.swift"},{"path":"\/Users\/gabriele.dintino@schindler.com\/Dev\/MVVMPrototype\/MVVMPrototypeTests\/Utils\/MockURLProtocol.swift","hash":"5ed93b538553e9dba69166a726f6d8a74c854185"},{"path":"\/Users\/gabriele.dintino@schindler.com\/Dev\/MVVMPrototype\/MVVMPrototypeTests\/Utils\/URLProtocolStub.swift","hash":"d99f14258eacc09b0209632ea274a206f18524c1"},{"path":"\/Users\/gabriele.dintino@schindler.com\/Dev\/MVVMPrototype\/MockingbirdMocks\/MVVMPrototypeTests-MVVMPrototypeMocks.generated.swift","hash":"540e59ea6f1133f28d051c82521118efbd96ad43"}],"cliVersion":"0.20.0","projectHash":"5576531d37011fbdcc7c082902f35c32df9b5258"}